
Microsoft Visual Studio Solution File, Format Version 12.00
# Visual Studio Version 17
VisualStudioVersion = 17.13.35825.156
MinimumVisualStudioVersion = 10.0.40219.1
Project("{FAE04EC0-301F-11D3-BF4B-00C04F79EFBC}") = "01-EmployeeMaintenance.Api", "01-EmployeeMaintenance.Api\01-EmployeeMaintenance.Api.csproj", "{7B3D37AE-A1E4-43DC-B1EE-CF7A22F5062F}"
EndProject
Project("{FAE04EC0-301F-11D3-BF4B-00C04F79EFBC}") = "02-EmployeeMaintenance.Application", "02-EmployeeMaintenance.Application\02-EmployeeMaintenance.Application.csproj", "{A7D4C0B1-45DC-407A-9500-2CBC309A3146}"
EndProject
Project("{FAE04EC0-301F-11D3-BF4B-00C04F79EFBC}") = "03-EmployeeMaintenance.Infra", "03-EmployeeMaintenance.Infra\03-EmployeeMaintenance.Infra.csproj", "{04071247-AACA-4B49-8F13-1ECC7D93C8AE}"
EndProject
Project("{FAE04EC0-301F-11D3-BF4B-00C04F79EFBC}") = "04-EmployeeMaintenance.Domain", "04-EmployeeMaintenance.Domain\04-EmployeeMaintenance.Domain.csproj", "{075D69AD-72A2-421C-AD63-D9D73BE23BAC}"
EndProject
Global
	GlobalSection(SolutionConfigurationPlatforms) = preSolution
		Debug|Any CPU = Debug|Any CPU
		Release|Any CPU = Release|Any CPU
	EndGlobalSection
	GlobalSection(ProjectConfigurationPlatforms) = postSolution
		{7B3D37AE-A1E4-43DC-B1EE-CF7A22F5062F}.Debug|Any CPU.ActiveCfg = Debug|Any CPU
		{7B3D37AE-A1E4-43DC-B1EE-CF7A22F5062F}.Debug|Any CPU.Build.0 = Debug|Any CPU
		{7B3D37AE-A1E4-43DC-B1EE-CF7A22F5062F}.Release|Any CPU.ActiveCfg = Release|Any CPU
		{7B3D37AE-A1E4-43DC-B1EE-CF7A22F5062F}.Release|Any CPU.Build.0 = Release|Any CPU
		{A7D4C0B1-45DC-407A-9500-2CBC309A3146}.Debug|Any CPU.ActiveCfg = Debug|Any CPU
		{A7D4C0B1-45DC-407A-9500-2CBC309A3146}.Debug|Any CPU.Build.0 = Debug|Any CPU
		{A7D4C0B1-45DC-407A-9500-2CBC309A3146}.Release|Any CPU.ActiveCfg = Release|Any CPU
		{A7D4C0B1-45DC-407A-9500-2CBC309A3146}.Release|Any CPU.Build.0 = Release|Any CPU
		{04071247-AACA-4B49-8F13-1ECC7D93C8AE}.Debug|Any CPU.ActiveCfg = Debug|Any CPU
		{04071247-AACA-4B49-8F13-1ECC7D93C8AE}.Debug|Any CPU.Build.0 = Debug|Any CPU
		{04071247-AACA-4B49-8F13-1ECC7D93C8AE}.Release|Any CPU.ActiveCfg = Release|Any CPU
		{04071247-AACA-4B49-8F13-1ECC7D93C8AE}.Release|Any CPU.Build.0 = Release|Any CPU
		{075D69AD-72A2-421C-AD63-D9D73BE23BAC}.Debug|Any CPU.ActiveCfg = Debug|Any CPU
		{075D69AD-72A2-421C-AD63-D9D73BE23BAC}.Debug|Any CPU.Build.0 = Debug|Any CPU
		{075D69AD-72A2-421C-AD63-D9D73BE23BAC}.Release|Any CPU.ActiveCfg = Release|Any CPU
		{075D69AD-72A2-421C-AD63-D9D73BE23BAC}.Release|Any CPU.Build.0 = Release|Any CPU
	EndGlobalSection
	GlobalSection(SolutionProperties) = preSolution
		HideSolutionNode = FALSE
	EndGlobalSection
	GlobalSection(ExtensibilityGlobals) = postSolution
		SolutionGuid = {196F9EEB-8F05-4749-8EBA-11BB87C08810}
	EndGlobalSection
EndGlobal
